
Microsoft Visual Studio Solution File, Format Version 11.00
# Visual Studio 2010
Project("{FAE04EC0-301F-11D3-BF4B-00C04F79EFBC}") = "DotNetRefEdit", "DotNetRefEdit\DotNetRefEdit.csproj", "{FF741B2C-EC4D-47A3-8222-913A82CF2340}"
EndProject
Global
	GlobalSection(SolutionConfigurationPlatforms) = preSolution
		Debug|Any CPU = Debug|Any CPU
		Release|Any CPU = Release|Any CPU
	EndGlobalSection
	GlobalSection(ProjectConfigurationPlatforms) = postSolution
		{FF741B2C-EC4D-47A3-8222-913A82CF2340}.Debug|Any CPU.ActiveCfg = Debug|Any CPU
		{FF741B2C-EC4D-47A3-8222-913A82CF2340}.Debug|Any CPU.Build.0 = Debug|Any CPU
		{FF741B2C-EC4D-47A3-8222-913A82CF2340}.Release|Any CPU.ActiveCfg = Release|Any CPU
		{FF741B2C-EC4D-47A3-8222-913A82CF2340}.Release|Any CPU.Build.0 = Release|Any CPU
	EndGlobalSection
	GlobalSection(SolutionProperties) = preSolution
		HideSolutionNode = FALSE
	EndGlobalSection
EndGlobal
